
Microsoft Visual Studio Solution File, Format Version 12.00
# Visual Studio Version 16
VisualStudioVersion = 16.0.28917.182
MinimumVisualStudioVersion = 10.0.40219.1
Project("{9A19103F-16F7-4668-BE54-9A1E7A4F7556}") = "ReadByTheNode", "src\ReadByTheNode\ReadByTheNode.csproj", "{CA752DB5-EE9D-44F0-AEAB-33B38AD29D8D}"
EndProject
Project("{FAE04EC0-301F-11D3-BF4B-00C04F79EFBC}") = "ReadByTheNode.Tests", "tests\ReadByTheNode.Tests\ReadByTheNode.Tests.csproj", "{C5E0A8F0-C745-460E-9947-A0B1EE15162D}"
EndProject
Global
	GlobalSection(SolutionConfigurationPlatforms) = preSolution
		Debug|Any CPU = Debug|Any CPU
		Release|Any CPU = Release|Any CPU
	EndGlobalSection
	GlobalSection(ProjectConfigurationPlatforms) = postSolution
		{CA752DB5-EE9D-44F0-AEAB-33B38AD29D8D}.Debug|Any CPU.ActiveCfg = Debug|Any CPU
		{CA752DB5-EE9D-44F0-AEAB-33B38AD29D8D}.Debug|Any CPU.Build.0 = Debug|Any CPU
		{CA752DB5-EE9D-44F0-AEAB-33B38AD29D8D}.Release|Any CPU.ActiveCfg = Release|Any CPU
		{CA752DB5-EE9D-44F0-AEAB-33B38AD29D8D}.Release|Any CPU.Build.0 = Release|Any CPU
		{C5E0A8F0-C745-460E-9947-A0B1EE15162D}.Debug|Any CPU.ActiveCfg = Debug|Any CPU
		{C5E0A8F0-C745-460E-9947-A0B1EE15162D}.Debug|Any CPU.Build.0 = Debug|Any CPU
		{C5E0A8F0-C745-460E-9947-A0B1EE15162D}.Release|Any CPU.ActiveCfg = Release|Any CPU
		{C5E0A8F0-C745-460E-9947-A0B1EE15162D}.Release|Any CPU.Build.0 = Release|Any CPU
	EndGlobalSection
	GlobalSection(SolutionProperties) = preSolution
		HideSolutionNode = FALSE
	EndGlobalSection
	GlobalSection(ExtensibilityGlobals) = postSolution
		SolutionGuid = {E0A90C70-3F59-47B3-AF61-441006B029DF}
	EndGlobalSection
EndGlobal
